// !$*UTF8*$!
{
	archiveVersion = 1;
	classes = {
	};
	objectVersion = 55;
	objects = {

/* Begin PBXBuildFile section */
		ED1421EE28D8BE6400696138 /* MapboxMaps in Frameworks */ = {isa = PBXBuildFile; productRef = ED1421ED28D8BE6400696138 /* MapboxMaps */; };
		ED44D28D28DDE2AA0083EB22 /* User.swift in Sources */ = {isa = PBXBuildFile; fileRef = ED44D28C28DDE2AA0083EB22 /* User.swift */; };
		ED51214E2948543C009957E8 /* StoryboardSwitcher.swift in Sources */ = {isa = PBXBuildFile; fileRef = ED51214D2948543C009957E8 /* StoryboardSwitcher.swift */; };
		ED512150294861DF009957E8 /* AuthController.swift in Sources */ = {isa = PBXBuildFile; fileRef = ED51214F294861DF009957E8 /* AuthController.swift */; };
		ED7D8C5E28E71A2100C65157 /* Register.storyboard in Resources */ = {isa = PBXBuildFile; fileRef = ED7D8C5D28E71A2100C65157 /* Register.storyboard */; };
		ED7F4E5928D9BB8600E2EA36 /* RegisterController.swift in Sources */ = {isa = PBXBuildFile; fileRef = ED7F4E5828D9BB8600E2EA36 /* RegisterController.swift */; };
		ED861591294FD82600A3D689 /* ApiProcessor.swift in Sources */ = {isa = PBXBuildFile; fileRef = ED861590294FD82600A3D689 /* ApiProcessor.swift */; };
		ED861596294FF65600A3D689 /* TextFieldExt.swift in Sources */ = {isa = PBXBuildFile; fileRef = ED861595294FF65600A3D689 /* TextFieldExt.swift */; };
		EDA425B228CB6FF700F05925 /* MapKit.framework in Frameworks */ = {isa = PBXBuildFile; fileRef = EDA425B128CB6FF700F05925 /* MapKit.framework */; };
		EDA425B428CB75A000F05925 /* MapController.swift in Sources */ = {isa = PBXBuildFile; fileRef = EDA425B328CB75A000F05925 /* MapController.swift */; };
		EDC1590F28CA370700C845E5 /* AppDelegate.swift in Sources */ = {isa = PBXBuildFile; fileRef = EDC1590E28CA370700C845E5 /* AppDelegate.swift */; };
		EDC1591128CA370700C845E5 /* SceneDelegate.swift in Sources */ = {isa = PBXBuildFile; fileRef = EDC1591028CA370700C845E5 /* SceneDelegate.swift */; };
		EDC1591628CA370700C845E5 /* Main.storyboard in Resources */ = {isa = PBXBuildFile; fileRef = EDC1591428CA370700C845E5 /* Main.storyboard */; };
		EDC1591928CA370700C845E5 /* Benly.xcdatamodeld in Sources */ = {isa = PBXBuildFile; fileRef = EDC1591728CA370700C845E5 /* Benly.xcdatamodeld */; };
		EDC1591B28CA370C00C845E5 /* Assets.xcassets in Resources */ = {isa = PBXBuildFile; fileRef = EDC1591A28CA370C00C845E5 /* Assets.xcassets */; };
		EDC1591E28CA370C00C845E5 /* LaunchScreen.storyboard in Resources */ = {isa = PBXBuildFile; fileRef = EDC1591C28CA370C00C845E5 /* LaunchScreen.storyboard */; };
		EDCCB7BD294F91AB00C4C161 /* HttpRequester.swift in Sources */ = {isa = PBXBuildFile; fileRef = EDCCB7BC294F91AB00C4C161 /* HttpRequester.swift */; };
		EDFAB45129373F800009476A /* Auth.storyboard in Resources */ = {isa = PBXBuildFile; fileRef = EDFAB45029373F800009476A /* Auth.storyboard */; };
/* End PBXBuildFile section */

/* Begin PBXFileReference section */
		ED44D28C28DDE2AA0083EB22 /* User.swift */ = {isa = PBXFileReference; lastKnownFileType = sourcecode.swift; path = User.swift; sourceTree = "<group>"; };
		ED51214D2948543C009957E8 /* StoryboardSwitcher.swift */ = {isa = PBXFileReference; lastKnownFileType = sourcecode.swift; path = StoryboardSwitcher.swift; sourceTree = "<group>"; };
		ED51214F294861DF009957E8 /* AuthController.swift */ = {isa = PBXFileReference; lastKnownFileType = sourcecode.swift; path = AuthController.swift; sourceTree = "<group>"; };
		ED7D8C5D28E71A2100C65157 /* Register.storyboard */ = {isa = PBXFileReference; lastKnownFileType = file.storyboard; path = Register.storyboard; sourceTree = "<group>"; };
		ED7F4E5828D9BB8600E2EA36 /* RegisterController.swift */ = {isa = PBXFileReference; lastKnownFileType = sourcecode.swift; path = RegisterController.swift; sourceTree = "<group>"; };
		ED861590294FD82600A3D689 /* ApiProcessor.swift */ = {isa = PBXFileReference; lastKnownFileType = sourcecode.swift; path = ApiProcessor.swift; sourceTree = "<group>"; };
		ED861595294FF65600A3D689 /* TextFieldExt.swift */ = {isa = PBXFileReference; lastKnownFileType = sourcecode.swift; path = TextFieldExt.swift; sourceTree = "<group>"; };
		EDA425B128CB6FF700F05925 /* MapKit.framework */ = {isa = PBXFileReference; lastKnownFileType = wrapper.framework; name = MapKit.framework; path = System/Library/Frameworks/MapKit.framework; sourceTree = SDKROOT; };
		EDA425B328CB75A000F05925 /* MapController.swift */ = {isa = PBXFileReference; lastKnownFileType = sourcecode.swift; path = MapController.swift; sourceTree = "<group>"; };
		EDC1590B28CA370700C845E5 /* Benly.app */ = {isa = PBXFileReference; explicitFileType = wrapper.application; includeInIndex = 0; path = Benly.app; sourceTree = BUILT_PRODUCTS_DIR; };
		EDC1590E28CA370700C845E5 /* AppDelegate.swift */ = {isa = PBXFileReference; lastKnownFileType = sourcecode.swift; path = AppDelegate.swift; sourceTree = "<group>"; };
		EDC1591028CA370700C845E5 /* SceneDelegate.swift */ = {isa = PBXFileReference; lastKnownFileType = sourcecode.swift; path = SceneDelegate.swift; sourceTree = "<group>"; };
		EDC1591528CA370700C845E5 /* Base */ = {isa = PBXFileReference; lastKnownFileType = file.storyboard; name = Base; path = Base.lproj/Main.storyboard; sourceTree = "<group>"; };
		EDC1591828CA370700C845E5 /* Benly.xcdatamodel */ = {isa = PBXFileReference; lastKnownFileType = wrapper.xcdatamodel; path = Benly.xcdatamodel; sourceTree = "<group>"; };
		EDC1591A28CA370C00C845E5 /* Assets.xcassets */ = {isa = PBXFileReference; lastKnownFileType = folder.assetcatalog; path = Assets.xcassets; sourceTree = "<group>"; };
		EDC1591D28CA370C00C845E5 /* Base */ = {isa = PBXFileReference; lastKnownFileType = file.storyboard; name = Base; path = Base.lproj/LaunchScreen.storyboard; sourceTree = "<group>"; };
		EDC1591F28CA370C00C845E5 /* Info.plist */ = {isa = PBXFileReference; lastKnownFileType = text.plist.xml; path = Info.plist; sourceTree = "<group>"; };
		EDCCB7BC294F91AB00C4C161 /* HttpRequester.swift */ = {isa = PBXFileReference; lastKnownFileType = sourcecode.swift; path = HttpRequester.swift; sourceTree = "<group>"; };
		EDFAB45029373F800009476A /* Auth.storyboard */ = {isa = PBXFileReference; lastKnownFileType = file.storyboard; path = Auth.storyboard; sourceTree = "<group>"; };
/* End PBXFileReference section */

/* Begin PBXFrameworksBuildPhase section */
		EDC1590828CA370700C845E5 /* Frameworks */ = {
			isa = PBXFrameworksBuildPhase;
			buildActionMask = 2147483647;
			files = (
				ED1421EE28D8BE6400696138 /* MapboxMaps in Frameworks */,
				EDA425B228CB6FF700F05925 /* MapKit.framework in Frameworks */,
			);
			runOnlyForDeploymentPostprocessing = 0;
		};
/* End PBXFrameworksBuildPhase section */

/* Begin PBXGroup section */
		ED68CD5A28D4A6F300BDEAB1 /* helpers */ = {
			isa = PBXGroup;
			children = (
				ED51214D2948543C009957E8 /* StoryboardSwitcher.swift */,
				EDCCB7BC294F91AB00C4C161 /* HttpRequester.swift */,
				ED861590294FD82600A3D689 /* ApiProcessor.swift */,
			);
			path = helpers;
			sourceTree = "<group>";
		};
		ED7F4E5328D9B5B000E2EA36 /* models */ = {
			isa = PBXGroup;
			children = (
				ED44D28C28DDE2AA0083EB22 /* User.swift */,
			);
			path = models;
			sourceTree = "<group>";
		};
		ED861594294FF62800A3D689 /* extensions */ = {
			isa = PBXGroup;
			children = (
				ED861595294FF65600A3D689 /* TextFieldExt.swift */,
			);
			path = extensions;
			sourceTree = "<group>";
		};
		EDA425B028CB6FF700F05925 /* Frameworks */ = {
			isa = PBXGroup;
			children = (
				EDA425B128CB6FF700F05925 /* MapKit.framework */,
			);
			name = Frameworks;
			sourceTree = "<group>";
		};
		EDA425B528CB75FC00F05925 /* controllers */ = {
			isa = PBXGroup;
			children = (
				EDA425B328CB75A000F05925 /* MapController.swift */,
				ED7F4E5828D9BB8600E2EA36 /* RegisterController.swift */,
				ED51214F294861DF009957E8 /* AuthController.swift */,
			);
			path = controllers;
			sourceTree = "<group>";
		};
		EDC1590228CA370700C845E5 = {
			isa = PBXGroup;
			children = (
				EDC1590D28CA370700C845E5 /* Benly */,
				EDC1590C28CA370700C845E5 /* Products */,
				EDA425B028CB6FF700F05925 /* Frameworks */,
			);
			sourceTree = "<group>";
		};
		EDC1590C28CA370700C845E5 /* Products */ = {
			isa = PBXGroup;
			children = (
				EDC1590B28CA370700C845E5 /* Benly.app */,
			);
			name = Products;
			sourceTree = "<group>";
		};
		EDC1590D28CA370700C845E5 /* Benly */ = {
			isa = PBXGroup;
			children = (
				ED861594294FF62800A3D689 /* extensions */,
				ED7F4E5328D9B5B000E2EA36 /* models */,
				ED68CD5A28D4A6F300BDEAB1 /* helpers */,
				EDA425B528CB75FC00F05925 /* controllers */,
				EDC1590E28CA370700C845E5 /* AppDelegate.swift */,
				EDC1591028CA370700C845E5 /* SceneDelegate.swift */,
				EDC1591428CA370700C845E5 /* Main.storyboard */,
				EDC1591C28CA370C00C845E5 /* LaunchScreen.storyboard */,
				ED7D8C5D28E71A2100C65157 /* Register.storyboard */,
				EDFAB45029373F800009476A /* Auth.storyboard */,
				EDC1591A28CA370C00C845E5 /* Assets.xcassets */,
				EDC1591F28CA370C00C845E5 /* Info.plist */,
				EDC1591728CA370700C845E5 /* Benly.xcdatamodeld */,
			);
			path = Benly;
			sourceTree = "<group>";
		};
/* End PBXGroup section */

/* Begin PBXNativeTarget section */
		EDC1590A28CA370700C845E5 /* Benly */ = {
			isa = PBXNativeTarget;
			buildConfigurationList = EDC1592228CA370C00C845E5 /* Build configuration list for PBXNativeTarget "Benly" */;
			buildPhases = (
				EDC1590728CA370700C845E5 /* Sources */,
				EDC1590828CA370700C845E5 /* Frameworks */,
				EDC1590928CA370700C845E5 /* Resources */,
			);
			buildRules = (
			);
			dependencies = (
			);
			name = Benly;
			packageProductDependencies = (
				ED1421ED28D8BE6400696138 /* MapboxMaps */,
			);
			productName = Benly;
			productReference = EDC1590B28CA370700C845E5 /* Benly.app */;
			productType = "com.apple.product-type.application";
		};
/* End PBXNativeTarget section */

/* Begin PBXProject section */
		EDC1590328CA370700C845E5 /* Project object */ = {
			isa = PBXProject;
			attributes = {
				BuildIndependentTargetsInParallel = 1;
				LastSwiftUpdateCheck = 1340;
				LastUpgradeCheck = 1340;
				TargetAttributes = {
					EDC1590A28CA370700C845E5 = {
						CreatedOnToolsVersion = 13.4.1;
					};
				};
			};
			buildConfigurationList = EDC1590628CA370700C845E5 /* Build configuration list for PBXProject "Benly" */;
			compatibilityVersion = "Xcode 13.0";
			developmentRegion = en;
			hasScannedForEncodings = 0;
			knownRegions = (
				en,
				Base,
			);
			mainGroup = EDC1590228CA370700C845E5;
			packageReferences = (
				ED1421EC28D8BE6400696138 /* XCRemoteSwiftPackageReference "mapbox-maps-ios" */,
			);
			productRefGroup = EDC1590C28CA370700C845E5 /* Products */;
			projectDirPath = "";
			projectRoot = "";
			targets = (
				EDC1590A28CA370700C845E5 /* Benly */,
			);
		};
/* End PBXProject section */

/* Begin PBXResourcesBuildPhase section */
		EDC1590928CA370700C845E5 /* Resources */ = {
			isa = PBXResourcesBuildPhase;
			buildActionMask = 2147483647;
			files = (
				EDC1591E28CA370C00C845E5 /* LaunchScreen.storyboard in Resources */,
				EDFAB45129373F800009476A /* Auth.storyboard in Resources */,
				ED7D8C5E28E71A2100C65157 /* Register.storyboard in Resources */,
				EDC1591B28CA370C00C845E5 /* Assets.xcassets in Resources */,
				EDC1591628CA370700C845E5 /* Main.storyboard in Resources */,
			);
			runOnlyForDeploymentPostprocessing = 0;
		};
/* End PBXResourcesBuildPhase section */

/* Begin PBXSourcesBuildPhase section */
		EDC1590728CA370700C845E5 /* Sources */ = {
			isa = PBXSourcesBuildPhase;
			buildActionMask = 2147483647;
			files = (
				EDA425B428CB75A000F05925 /* MapController.swift in Sources */,
				EDC1591928CA370700C845E5 /* Benly.xcdatamodeld in Sources */,
				ED861596294FF65600A3D689 /* TextFieldExt.swift in Sources */,
				ED44D28D28DDE2AA0083EB22 /* User.swift in Sources */,
				EDC1590F28CA370700C845E5 /* AppDelegate.swift in Sources */,
				EDCCB7BD294F91AB00C4C161 /* HttpRequester.swift in Sources */,
				EDC1591128CA370700C845E5 /* SceneDelegate.swift in Sources */,
				ED512150294861DF009957E8 /* AuthController.swift in Sources */,
				ED861591294FD82600A3D689 /* ApiProcessor.swift in Sources */,
				ED51214E2948543C009957E8 /* StoryboardSwitcher.swift in Sources */,
				ED7F4E5928D9BB8600E2EA36 /* RegisterController.swift in Sources */,
			);
			runOnlyForDeploymentPostprocessing = 0;
		};
/* End PBXSourcesBuildPhase section */

/* Begin PBXVariantGroup section */
		EDC1591428CA370700C845E5 /* Main.storyboard */ = {
			isa = PBXVariantGroup;
			children = (
				EDC1591528CA370700C845E5 /* Base */,
			);
			name = Main.storyboard;
			sourceTree = "<group>";
		};
		EDC1591C28CA370C00C845E5 /* LaunchScreen.storyboard */ = {
			isa = PBXVariantGroup;
			children = (
				EDC1591D28CA370C00C845E5 /* Base */,
			);
			name = LaunchScreen.storyboard;
			sourceTree = "<group>";
		};
/* End PBXVariantGroup section */

/* Begin XCBuildConfiguration section */
		EDC1592028CA370C00C845E5 /* Debug */ = {
			isa = XCBuildConfiguration;
			buildSettings = {
				ALWAYS_SEARCH_USER_PATHS = NO;
				CLANG_ANALYZER_NONNULL = YES;
				CLANG_ANALYZER_NUMBER_OBJECT_CONVERSION = YES_AGGRESSIVE;
				CLANG_CXX_LANGUAGE_STANDARD = "gnu++17";
				CLANG_ENABLE_MODULES = YES;
				CLANG_ENABLE_OBJC_ARC = YES;
				CLANG_ENABLE_OBJC_WEAK = YES;
				CLANG_WARN_BLOCK_CAPTURE_AUTORELEASING = YES;
				CLANG_WARN_BOOL_CONVERSION = YES;
				CLANG_WARN_COMMA = YES;
				CLANG_WARN_CONSTANT_CONVERSION = YES;
				CLANG_WARN_DEPRECATED_OBJC_IMPLEMENTATIONS = YES;
				CLANG_WARN_DIRECT_OBJC_ISA_USAGE = YES_ERROR;
				CLANG_WARN_DOCUMENTATION_COMMENTS = YES;
				CLANG_WARN_EMPTY_BODY = YES;
				CLANG_WARN_ENUM_CONVERSION = YES;
				CLANG_WARN_INFINITE_RECURSION = YES;
				CLANG_WARN_INT_CONVERSION = YES;
				CLANG_WARN_NON_LITERAL_NULL_CONVERSION = YES;
				CLANG_WARN_OBJC_IMPLICIT_RETAIN_SELF = YES;
				CLANG_WARN_OBJC_LITERAL_CONVERSION = YES;
				CLANG_WARN_OBJC_ROOT_CLASS = YES_ERROR;
				CLANG_WARN_QUOTED_INCLUDE_IN_FRAMEWORK_HEADER = YES;
				CLANG_WARN_RANGE_LOOP_ANALYSIS = YES;
				CLANG_WARN_STRICT_PROTOTYPES = YES;
				CLANG_WARN_SUSPICIOUS_MOVE = YES;
				CLANG_WARN_UNGUARDED_AVAILABILITY = YES_AGGRESSIVE;
				CLANG_WARN_UNREACHABLE_CODE = YES;
				CLANG_WARN__DUPLICATE_METHOD_MATCH = YES;
				COPY_PHASE_STRIP = NO;
				DEBUG_INFORMATION_FORMAT = dwarf;
				ENABLE_STRICT_OBJC_MSGSEND = YES;
				ENABLE_TESTABILITY = YES;
				GCC_C_LANGUAGE_STANDARD = gnu11;
				GCC_DYNAMIC_NO_PIC = NO;
				GCC_NO_COMMON_BLOCKS = YES;
				GCC_OPTIMIZATION_LEVEL = 0;
				GCC_PREPROCESSOR_DEFINITIONS = (
					"DEBUG=1",
					"$(inherited)",
				);
				GCC_WARN_64_TO_32_BIT_CONVERSION = YES;
				GCC_WARN_ABOUT_RETURN_TYPE = YES_ERROR;
				GCC_WARN_UNDECLARED_SELECTOR = YES;
				GCC_WARN_UNINITIALIZED_AUTOS = YES_AGGRESSIVE;
				GCC_WARN_UNUSED_FUNCTION = YES;
				GCC_WARN_UNUSED_VARIABLE = YES;
				IPHONEOS_DEPLOYMENT_TARGET = 13.3;
				MTL_ENABLE_DEBUG_INFO = INCLUDE_SOURCE;
				MTL_FAST_MATH = YES;
				ONLY_ACTIVE_ARCH = YES;
				SDKROOT = iphoneos;
				SWIFT_ACTIVE_COMPILATION_CONDITIONS = DEBUG;
				SWIFT_OPTIMIZATION_LEVEL = "-Onone";
			};
			name = Debug;
		};
		EDC1592128CA370C00C845E5 /* Release */ = {
			isa = XCBuildConfiguration;
			buildSettings = {
				ALWAYS_SEARCH_USER_PATHS = NO;
				CLANG_ANALYZER_NONNULL = YES;
				CLANG_ANALYZER_NUMBER_OBJECT_CONVERSION = YES_AGGRESSIVE;
				CLANG_CXX_LANGUAGE_STANDARD = "gnu++17";
				CLANG_ENABLE_MODULES = YES;
				CLANG_ENABLE_OBJC_ARC = YES;
				CLANG_ENABLE_OBJC_WEAK = YES;
				CLANG_WARN_BLOCK_CAPTURE_AUTORELEASING = YES;
				CLANG_WARN_BOOL_CONVERSION = YES;
				CLANG_WARN_COMMA = YES;
				CLANG_WARN_CONSTANT_CONVERSION = YES;
				CLANG_WARN_DEPRECATED_OBJC_IMPLEMENTATIONS = YES;
				CLANG_WARN_DIRECT_OBJC_ISA_USAGE = YES_ERROR;
				CLANG_WARN_DOCUMENTATION_COMMENTS = YES;
				CLANG_WARN_EMPTY_BODY = YES;
				CLANG_WARN_ENUM_CONVERSION = YES;
				CLANG_WARN_INFINITE_RECURSION = YES;
				CLANG_WARN_INT_CONVERSION = YES;
				CLANG_WARN_NON_LITERAL_NULL_CONVERSION = YES;
				CLANG_WARN_OBJC_IMPLICIT_RETAIN_SELF = YES;
				CLANG_WARN_OBJC_LITERAL_CONVERSION = YES;
				CLANG_WARN_OBJC_ROOT_CLASS = YES_ERROR;
				CLANG_WARN_QUOTED_INCLUDE_IN_FRAMEWORK_HEADER = YES;
				CLANG_WARN_RANGE_LOOP_ANALYSIS = YES;
				CLANG_WARN_STRICT_PROTOTYPES = YES;
				CLANG_WARN_SUSPICIOUS_MOVE = YES;
				CLANG_WARN_UNGUARDED_AVAILABILITY = YES_AGGRESSIVE;
				CLANG_WARN_UNREACHABLE_CODE = YES;
				CLANG_WARN__DUPLICATE_METHOD_MATCH = YES;
				COPY_PHASE_STRIP = NO;
				DEBUG_INFORMATION_FORMAT = "dwarf-with-dsym";
				ENABLE_NS_ASSERTIONS = NO;
				ENABLE_STRICT_OBJC_MSGSEND = YES;
				GCC_C_LANGUAGE_STANDARD = gnu11;
				GCC_NO_COMMON_BLOCKS = YES;
				GCC_WARN_64_TO_32_BIT_CONVERSION = YES;
				GCC_WARN_ABOUT_RETURN_TYPE = YES_ERROR;
				GCC_WARN_UNDECLARED_SELECTOR = YES;
				GCC_WARN_UNINITIALIZED_AUTOS = YES_AGGRESSIVE;
				GCC_WARN_UNUSED_FUNCTION = YES;
				GCC_WARN_UNUSED_VARIABLE = YES;
				IPHONEOS_DEPLOYMENT_TARGET = 13.3;
				MTL_ENABLE_DEBUG_INFO = NO;
				MTL_FAST_MATH = YES;
				SDKROOT = iphoneos;
				SWIFT_COMPILATION_MODE = wholemodule;
				SWIFT_OPTIMIZATION_LEVEL = "-O";
				VALIDATE_PRODUCT = YES;
			};
			name = Release;
		};
		EDC1592328CA370C00C845E5 /* Debug */ = {
			isa = XCBuildConfiguration;
			buildSettings = {
				ASSETCATALOG_COMPILER_APPICON_NAME = AppIcon;
				ASSETCATALOG_COMPILER_GLOBAL_ACCENT_COLOR_NAME = AccentColor;
				CODE_SIGN_STYLE = Automatic;
				CURRENT_PROJECT_VERSION = 1;
				DEVELOPMENT_TEAM = FXTRN44ZC4;
				GENERATE_INFOPLIST_FILE = YES;
				INFOPLIST_FILE = Benly/Info.plist;
				INFOPLIST_KEY_NSLocationAlwaysAndWhenInUseUsageDescription = "This app needs full access to your location. You can choose \"When in use\" but the application will not work correctly.";
				INFOPLIST_KEY_NSLocationWhenInUseUsageDescription = "This app needs full access to your location. You can choose \"When in use\" but the application will not work correctly.";
				INFOPLIST_KEY_UIApplicationSupportsIndirectInputEvents = YES;
				INFOPLIST_KEY_UILaunchStoryboardName = LaunchScreen;
				INFOPLIST_KEY_UIMainStoryboardFile = Main;
				INFOPLIST_KEY_UISupportedInterfaceOrientations_iPad = "UIInterfaceOrientationPortrait UIInterfaceOrientationPortraitUpsideDown UIInterfaceOrientationLandscapeLeft UIInterfaceOrientationLandscapeRight";
				INFOPLIST_KEY_UISupportedInterfaceOrientations_iPhone = "UIInterfaceOrientationPortrait UIInterfaceOrientationLandscapeLeft UIInterfaceOrientationLandscapeRight";
				IPHONEOS_DEPLOYMENT_TARGET = 13.3;
				LD_RUNPATH_SEARCH_PATHS = (
					"$(inherited)",
					"@executable_path/Frameworks",
				);
				MARKETING_VERSION = 1.0;
				PRODUCT_BUNDLE_IDENTIFIER = com.bsuir.Benly;
				PRODUCT_NAME = "$(TARGET_NAME)";
				SWIFT_EMIT_LOC_STRINGS = YES;
				SWIFT_VERSION = 5.0;
				TARGETED_DEVICE_FAMILY = "1,2";
			};
			name = Debug;
		};
		EDC1592428CA370C00C845E5 /* Release */ = {
			isa = XCBuildConfiguration;
			buildSettings = {
				ASSETCATALOG_COMPILER_APPICON_NAME = AppIcon;
				ASSETCATALOG_COMPILER_GLOBAL_ACCENT_COLOR_NAME = AccentColor;
				CODE_SIGN_STYLE = Automatic;
				CURRENT_PROJECT_VERSION = 1;
				DEVELOPMENT_TEAM = FXTRN44ZC4;
				GENERATE_INFOPLIST_FILE = YES;
				INFOPLIST_FILE = Benly/Info.plist;
				INFOPLIST_KEY_NSLocationAlwaysAndWhenInUseUsageDescription = "This app needs full access to your location. You can choose \"When in use\" but the application will not work correctly.";
				INFOPLIST_KEY_NSLocationWhenInUseUsageDescription = "This app needs full access to your location. You can choose \"When in use\" but the application will not work correctly.";
				INFOPLIST_KEY_UIApplicationSupportsIndirectInputEvents = YES;
				INFOPLIST_KEY_UILaunchStoryboardName = LaunchScreen;
				INFOPLIST_KEY_UIMainStoryboardFile = Main;
				INFOPLIST_KEY_UISupportedInterfaceOrientations_iPad = "UIInterfaceOrientationPortrait UIInterfaceOrientationPortraitUpsideDown UIInterfaceOrientationLandscapeLeft UIInterfaceOrientationLandscapeRight";
				INFOPLIST_KEY_UISupportedInterfaceOrientations_iPhone = "UIInterfaceOrientationPortrait UIInterfaceOrientationLandscapeLeft UIInterfaceOrientationLandscapeRight";
				IPHONEOS_DEPLOYMENT_TARGET = 13.3;
				LD_RUNPATH_SEARCH_PATHS = (
					"$(inherited)",
					"@executable_path/Frameworks",
				);
				MARKETING_VERSION = 1.0;
				PRODUCT_BUNDLE_IDENTIFIER = com.bsuir.Benly;
				PRODUCT_NAME = "$(TARGET_NAME)";
				SWIFT_EMIT_LOC_STRINGS = YES;
				SWIFT_VERSION = 5.0;
				TARGETED_DEVICE_FAMILY = "1,2";
			};
			name = Release;
		};
/* End XCBuildConfiguration section */

/* Begin XCConfigurationList section */
		EDC1590628CA370700C845E5 /* Build configuration list for PBXProject "Benly" */ = {
			isa = XCConfigurationList;
			buildConfigurations = (
				EDC1592028CA370C00C845E5 /* Debug */,
				EDC1592128CA370C00C845E5 /* Release */,
			);
			defaultConfigurationIsVisible = 0;
			defaultConfigurationName = Debug;
		};
		EDC1592228CA370C00C845E5 /* Build configuration list for PBXNativeTarget "Benly" */ = {
			isa = XCConfigurationList;
			buildConfigurations = (
				EDC1592328CA370C00C845E5 /* Debug */,
				EDC1592428CA370C00C845E5 /* Release */,
			);
			defaultConfigurationIsVisible = 0;
			defaultConfigurationName = Debug;
		};
/* End XCConfigurationList section */

/* Begin XCRemoteSwiftPackageReference section */
		ED1421EC28D8BE6400696138 /* XCRemoteSwiftPackageReference "mapbox-maps-ios" */ = {
			isa = XCRemoteSwiftPackageReference;
			repositoryURL = "https://github.com/mapbox/mapbox-maps-ios.git";
			requirement = {
				branch = main;
				kind = branch;
			};
		};
/* End XCRemoteSwiftPackageReference section */

/* Begin XCSwiftPackageProductDependency section */
		ED1421ED28D8BE6400696138 /* MapboxMaps */ = {
			isa = XCSwiftPackageProductDependency;
			package = ED1421EC28D8BE6400696138 /* XCRemoteSwiftPackageReference "mapbox-maps-ios" */;
			productName = MapboxMaps;
		};
/* End XCSwiftPackageProductDependency section */

/* Begin XCVersionGroup section */
		EDC1591728CA370700C845E5 /* Benly.xcdatamodeld */ = {
			isa = XCVersionGroup;
			children = (
				EDC1591828CA370700C845E5 /* Benly.xcdatamodel */,
			);
			currentVersion = EDC1591828CA370700C845E5 /* Benly.xcdatamodel */;
			path = Benly.xcdatamodeld;
			sourceTree = "<group>";
			versionGroupType = wrapper.xcdatamodel;
		};
/* End XCVersionGroup section */
	};
	rootObject = EDC1590328CA370700C845E5 /* Project object */;
}
