{
  "object": {
    "pins": [
      {
        "package": "MapboxCommon",
        "repositoryURL": "https://github.com/mapbox/mapbox-common-ios.git",
        "state": {
          "branch": null,
          "revision": "9c387749d705972ffadb5ed60376cc3688f9d61b",
          "version": "23.2.0-rc.3"
        }
      },
      {
        "package": "MapboxCoreMaps",
        "repositoryURL": "https://github.com/mapbox/mapbox-core-maps-ios.git",
        "state": {
          "branch": null,
          "revision": "120770014441b34327c6edda9f3be56183f7dc25",
          "version": "10.10.0-rc.1"
        }
      },
      {
        "package": "MapboxMaps",
        "repositoryURL": "https://github.com/mapbox/mapbox-maps-ios.git",
        "state": {
          "branch": "main",
          "revision": "a138e84bd04e82a509661ddc3e134cd071f48e89",
          "version": null
        }
      },
      {
        "package": "Turf",
        "repositoryURL": "https://github.com/mapbox/turf-swift.git",
        "state": {
          "branch": null,
          "revision": "87b5b37108ba9f37f0885b586d8f6355d8240dd8",
          "version": "2.6.1"
        }
      }
    ]
  },
  "version": 1
}
